
Microsoft Visual Studio Solution File, Format Version 12.00
# Visual Studio Version 16
VisualStudioVersion = 16.0.29411.108
MinimumVisualStudioVersion = 10.0.40219.1
Project("{FAE04EC0-301F-11D3-BF4B-00C04F79EFBC}") = "NumOp0", "NumOp0\NumOp0.csproj", "{73862CD4-13DE-4BDE-A2B3-9942E2557A2F}"
EndProject
Global
	GlobalSection(SolutionConfigurationPlatforms) = preSolution
		Debug|Any CPU = Debug|Any CPU
		Release|Any CPU = Release|Any CPU
	EndGlobalSection
	GlobalSection(ProjectConfigurationPlatforms) = postSolution
		{73862CD4-13DE-4BDE-A2B3-9942E2557A2F}.Debug|Any CPU.ActiveCfg = Debug|Any CPU
		{73862CD4-13DE-4BDE-A2B3-9942E2557A2F}.Debug|Any CPU.Build.0 = Debug|Any CPU
		{73862CD4-13DE-4BDE-A2B3-9942E2557A2F}.Release|Any CPU.ActiveCfg = Release|Any CPU
		{73862CD4-13DE-4BDE-A2B3-9942E2557A2F}.Release|Any CPU.Build.0 = Release|Any CPU
	EndGlobalSection
	GlobalSection(SolutionProperties) = preSolution
		HideSolutionNode = FALSE
	EndGlobalSection
	GlobalSection(ExtensibilityGlobals) = postSolution
		SolutionGuid = {E504E7E2-29EA-44E5-A562-311AD7F9650E}
	EndGlobalSection
EndGlobal
